
Microsoft Visual Studio Solution File, Format Version 12.00
# Visual Studio Version 17
VisualStudioVersion = 17.5.002.0
MinimumVisualStudioVersion = 10.0.40219.1
Project("{9A19103F-16F7-4668-BE54-9A1E7A4F7556}") = "CSharp", "CSharp\CSharp.csproj", "{107BDF03-5A0C-4672-8C2F-2F181AB678E5}"
EndProject
Global
	GlobalSection(SolutionConfigurationPlatforms) = preSolution
		Debug|Any CPU = Debug|Any CPU
		Release|Any CPU = Release|Any CPU
	EndGlobalSection
	GlobalSection(ProjectConfigurationPlatforms) = postSolution
		{107BDF03-5A0C-4672-8C2F-2F181AB678E5}.Debug|Any CPU.ActiveCfg = Debug|Any CPU
		{107BDF03-5A0C-4672-8C2F-2F181AB678E5}.Debug|Any CPU.Build.0 = Debug|Any CPU
		{107BDF03-5A0C-4672-8C2F-2F181AB678E5}.Release|Any CPU.ActiveCfg = Release|Any CPU
		{107BDF03-5A0C-4672-8C2F-2F181AB678E5}.Release|Any CPU.Build.0 = Release|Any CPU
	EndGlobalSection
	GlobalSection(SolutionProperties) = preSolution
		HideSolutionNode = FALSE
	EndGlobalSection
	GlobalSection(ExtensibilityGlobals) = postSolution
		SolutionGuid = {27275BC3-E0FB-414C-A7BB-EB202D8FC40F}
	EndGlobalSection
EndGlobal
